
Microsoft Visual Studio Solution File, Format Version 12.00
# Visual Studio Version 17
VisualStudioVersion = 17.1.32210.238
MinimumVisualStudioVersion = 10.0.40219.1
Project("{FAE04EC0-301F-11D3-BF4B-00C04F79EFBC}") = "home_accounting", "home_accounting.csproj", "{C71B9CA3-31B7-4FF3-9B29-814CE82FFC22}"
EndProject
Global
	GlobalSection(SolutionConfigurationPlatforms) = preSolution
		Debug|Any CPU = Debug|Any CPU
		Release|Any CPU = Release|Any CPU
	EndGlobalSection
	GlobalSection(ProjectConfigurationPlatforms) = postSolution
		{C71B9CA3-31B7-4FF3-9B29-814CE82FFC22}.Debug|Any CPU.ActiveCfg = Debug|Any CPU
		{C71B9CA3-31B7-4FF3-9B29-814CE82FFC22}.Debug|Any CPU.Build.0 = Debug|Any CPU
		{C71B9CA3-31B7-4FF3-9B29-814CE82FFC22}.Release|Any CPU.ActiveCfg = Release|Any CPU
		{C71B9CA3-31B7-4FF3-9B29-814CE82FFC22}.Release|Any CPU.Build.0 = Release|Any CPU
	EndGlobalSection
	GlobalSection(SolutionProperties) = preSolution
		HideSolutionNode = FALSE
	EndGlobalSection
	GlobalSection(ExtensibilityGlobals) = postSolution
		SolutionGuid = {3A176749-0F7C-4EE8-98CA-EED680325605}
	EndGlobalSection
EndGlobal
